// !$*UTF8*$!
{
	archiveVersion = 1;
	classes = {
	};
	objectVersion = 48;
	objects = {

/* Begin PBXBuildFile section */
		A732CD302035AE300016AC36 /* AppDelegate.swift in Sources */ = {isa = PBXBuildFile; fileRef = A732CD2F2035AE300016AC36 /* AppDelegate.swift */; };
		A732CD322035AE300016AC36 /* ViewController.swift in Sources */ = {isa = PBXBuildFile; fileRef = A732CD312035AE300016AC36 /* ViewController.swift */; };
		A732CD352035AE300016AC36 /* Main.storyboard in Resources */ = {isa = PBXBuildFile; fileRef = A732CD332035AE300016AC36 /* Main.storyboard */; };
		A732CD372035AE300016AC36 /* Assets.xcassets in Resources */ = {isa = PBXBuildFile; fileRef = A732CD362035AE300016AC36 /* Assets.xcassets */; };
		A732CD3A2035AE300016AC36 /* LaunchScreen.storyboard in Resources */ = {isa = PBXBuildFile; fileRef = A732CD382035AE300016AC36 /* LaunchScreen.storyboard */; };
		A732CD422035AFDC0016AC36 /* UIButtonExt.swift in Sources */ = {isa = PBXBuildFile; fileRef = A732CD412035AFDC0016AC36 /* UIButtonExt.swift */; };
		A732CD442035B4060016AC36 /* Helper.swift in Sources */ = {isa = PBXBuildFile; fileRef = A732CD432035B4060016AC36 /* Helper.swift */; };
/* End PBXBuildFile section */

/* Begin PBXFileReference section */
		A732CD2C2035AE300016AC36 /* Extensions_App.app */ = {isa = PBXFileReference; explicitFileType = wrapper.application; includeInIndex = 0; path = Extensions_App.app; sourceTree = BUILT_PRODUCTS_DIR; };
		A732CD2F2035AE300016AC36 /* AppDelegate.swift */ = {isa = PBXFileReference; lastKnownFileType = sourcecode.swift; path = AppDelegate.swift; sourceTree = "<group>"; };
		A732CD312035AE300016AC36 /* ViewController.swift */ = {isa = PBXFileReference; lastKnownFileType = sourcecode.swift; path = ViewController.swift; sourceTree = "<group>"; };
		A732CD342035AE300016AC36 /* Base */ = {isa = PBXFileReference; lastKnownFileType = file.storyboard; name = Base; path = Base.lproj/Main.storyboard; sourceTree = "<group>"; };
		A732CD362035AE300016AC36 /* Assets.xcassets */ = {isa = PBXFileReference; lastKnownFileType = folder.assetcatalog; path = Assets.xcassets; sourceTree = "<group>"; };
		A732CD392035AE300016AC36 /* Base */ = {isa = PBXFileReference; lastKnownFileType = file.storyboard; name = Base; path = Base.lproj/LaunchScreen.storyboard; sourceTree = "<group>"; };
		A732CD3B2035AE300016AC36 /* Info.plist */ = {isa = PBXFileReference; lastKnownFileType = text.plist.xml; path = Info.plist; sourceTree = "<group>"; };
		A732CD412035AFDC0016AC36 /* UIButtonExt.swift */ = {isa = PBXFileReference; lastKnownFileType = sourcecode.swift; path = UIButtonExt.swift; sourceTree = "<group>"; };
		A732CD432035B4060016AC36 /* Helper.swift */ = {isa = PBXFileReference; lastKnownFileType = sourcecode.swift; path = Helper.swift; sourceTree = "<group>"; };
/* End PBXFileReference section */

/* Begin PBXFrameworksBuildPhase section */
		A732CD292035AE300016AC36 /* Frameworks */ = {
			isa = PBXFrameworksBuildPhase;
			buildActionMask = 2147483647;
			files = (
			);
			runOnlyForDeploymentPostprocessing = 0;
		};
/* End PBXFrameworksBuildPhase section */

/* Begin PBXGroup section */
		A732CD232035AE300016AC36 = {
			isa = PBXGroup;
			children = (
				A732CD2E2035AE300016AC36 /* Extensions_App */,
				A732CD2D2035AE300016AC36 /* Products */,
			);
			sourceTree = "<group>";
		};
		A732CD2D2035AE300016AC36 /* Products */ = {
			isa = PBXGroup;
			children = (
				A732CD2C2035AE300016AC36 /* Extensions_App.app */,
			);
			name = Products;
			sourceTree = "<group>";
		};
		A732CD2E2035AE300016AC36 /* Extensions_App */ = {
			isa = PBXGroup;
			children = (
				A732CD2F2035AE300016AC36 /* AppDelegate.swift */,
				A732CD312035AE300016AC36 /* ViewController.swift */,
				A732CD332035AE300016AC36 /* Main.storyboard */,
				A732CD362035AE300016AC36 /* Assets.xcassets */,
				A732CD382035AE300016AC36 /* LaunchScreen.storyboard */,
				A732CD3B2035AE300016AC36 /* Info.plist */,
				A732CD412035AFDC0016AC36 /* UIButtonExt.swift */,
				A732CD432035B4060016AC36 /* Helper.swift */,
			);
			path = Extensions_App;
			sourceTree = "<group>";
		};
/* End PBXGroup section */

/* Begin PBXNativeTarget section */
		A732CD2B2035AE300016AC36 /* Extensions_App */ = {
			isa = PBXNativeTarget;
			buildConfigurationList = A732CD3E2035AE300016AC36 /* Build configuration list for PBXNativeTarget "Extensions_App" */;
			buildPhases = (
				A732CD282035AE300016AC36 /* Sources */,
				A732CD292035AE300016AC36 /* Frameworks */,
				A732CD2A2035AE300016AC36 /* Resources */,
			);
			buildRules = (
			);
			dependencies = (
			);
			name = Extensions_App;
			productName = Extensions_App;
			productReference = A732CD2C2035AE300016AC36 /* Extensions_App.app */;
			productType = "com.apple.product-type.application";
		};
/* End PBXNativeTarget section */

/* Begin PBXProject section */
		A732CD242035AE300016AC36 /* Project object */ = {
			isa = PBXProject;
			attributes = {
				LastSwiftUpdateCheck = 0920;
				LastUpgradeCheck = 0920;
				ORGANIZATIONNAME = "varun varma";
				TargetAttributes = {
					A732CD2B2035AE300016AC36 = {
						CreatedOnToolsVersion = 9.2;
						ProvisioningStyle = Automatic;
					};
				};
			};
			buildConfigurationList = A732CD272035AE300016AC36 /* Build configuration list for PBXProject "Extensions_App" */;
			compatibilityVersion = "Xcode 8.0";
			developmentRegion = en;
			hasScannedForEncodings = 0;
			knownRegions = (
				en,
				Base,
			);
			mainGroup = A732CD232035AE300016AC36;
			productRefGroup = A732CD2D2035AE300016AC36 /* Products */;
			projectDirPath = "";
			projectRoot = "";
			targets = (
				A732CD2B2035AE300016AC36 /* Extensions_App */,
			);
		};
/* End PBXProject section */

/* Begin PBXResourcesBuildPhase section */
		A732CD2A2035AE300016AC36 /* Resources */ = {
			isa = PBXResourcesBuildPhase;
			buildActionMask = 2147483647;
			files = (
				A732CD3A2035AE300016AC36 /* LaunchScreen.storyboard in Resources */,
				A732CD372035AE300016AC36 /* Assets.xcassets in Resources */,
				A732CD352035AE300016AC36 /* Main.storyboard in Resources */,
			);
			runOnlyForDeploymentPostprocessing = 0;
		};
/* End PBXResourcesBuildPhase section */

/* Begin PBXSourcesBuildPhase section */
		A732CD282035AE300016AC36 /* Sources */ = {
			isa = PBXSourcesBuildPhase;
			buildActionMask = 2147483647;
			files = (
				A732CD322035AE300016AC36 /* ViewController.swift in Sources */,
				A732CD422035AFDC0016AC36 /* UIButtonExt.swift in Sources */,
				A732CD302035AE300016AC36 /* AppDelegate.swift in Sources */,
				A732CD442035B4060016AC36 /* Helper.swift in Sources */,
			);
			runOnlyForDeploymentPostprocessing = 0;
		};
/* End PBXSourcesBuildPhase section */

/* Begin PBXVariantGroup section */
		A732CD332035AE300016AC36 /* Main.storyboard */ = {
			isa = PBXVariantGroup;
			children = (
				A732CD342035AE300016AC36 /* Base */,
			);
			name = Main.storyboard;
			sourceTree = "<group>";
		};
		A732CD382035AE300016AC36 /* LaunchScreen.storyboard */ = {
			isa = PBXVariantGroup;
			children = (
				A732CD392035AE300016AC36 /* Base */,
			);
			name = LaunchScreen.storyboard;
			sourceTree = "<group>";
		};
/* End PBXVariantGroup section */

/* Begin XCBuildConfiguration section */
		A732CD3C2035AE300016AC36 /* Debug */ = {
			isa = XCBuildConfiguration;
			buildSettings = {
				ALWAYS_SEARCH_USER_PATHS = NO;
				CLANG_ANALYZER_NONNULL = YES;
				CLANG_ANALYZER_NUMBER_OBJECT_CONVERSION = YES_AGGRESSIVE;
				CLANG_CXX_LANGUAGE_STANDARD = "gnu++14";
				CLANG_CXX_LIBRARY = "libc++";
				CLANG_ENABLE_MODULES = YES;
				CLANG_ENABLE_OBJC_ARC = YES;
				CLANG_WARN_BLOCK_CAPTURE_AUTORELEASING = YES;
				CLANG_WARN_BOOL_CONVERSION = YES;
				CLANG_WARN_COMMA = YES;
				CLANG_WARN_CONSTANT_CONVERSION = YES;
				CLANG_WARN_DIRECT_OBJC_ISA_USAGE = YES_ERROR;
				CLANG_WARN_DOCUMENTATION_COMMENTS = YES;
				CLANG_WARN_EMPTY_BODY = YES;
				CLANG_WARN_ENUM_CONVERSION = YES;
				CLANG_WARN_INFINITE_RECURSION = YES;
				CLANG_WARN_INT_CONVERSION = YES;
				CLANG_WARN_NON_LITERAL_NULL_CONVERSION = YES;
				CLANG_WARN_OBJC_LITERAL_CONVERSION = YES;
				CLANG_WARN_OBJC_ROOT_CLASS = YES_ERROR;
				CLANG_WARN_RANGE_LOOP_ANALYSIS = YES;
				CLANG_WARN_STRICT_PROTOTYPES = YES;
				CLANG_WARN_SUSPICIOUS_MOVE = YES;
				CLANG_WARN_UNGUARDED_AVAILABILITY = YES_AGGRESSIVE;
				CLANG_WARN_UNREACHABLE_CODE = YES;
				CLANG_WARN__DUPLICATE_METHOD_MATCH = YES;
				CODE_SIGN_IDENTITY = "iPhone Developer";
				COPY_PHASE_STRIP = NO;
				DEBUG_INFORMATION_FORMAT = dwarf;
				ENABLE_STRICT_OBJC_MSGSEND = YES;
				ENABLE_TESTABILITY = YES;
				GCC_C_LANGUAGE_STANDARD = gnu11;
				GCC_DYNAMIC_NO_PIC = NO;
				GCC_NO_COMMON_BLOCKS = YES;
				GCC_OPTIMIZATION_LEVEL = 0;
				GCC_PREPROCESSOR_DEFINITIONS = (
					"DEBUG=1",
					"$(inherited)",
				);
				GCC_WARN_64_TO_32_BIT_CONVERSION = YES;
				GCC_WARN_ABOUT_RETURN_TYPE = YES_ERROR;
				GCC_WARN_UNDECLARED_SELECTOR = YES;
				GCC_WARN_UNINITIALIZED_AUTOS = YES_AGGRESSIVE;
				GCC_WARN_UNUSED_FUNCTION = YES;
				GCC_WARN_UNUSED_VARIABLE = YES;
				IPHONEOS_DEPLOYMENT_TARGET = 11.2;
				MTL_ENABLE_DEBUG_INFO = YES;
				ONLY_ACTIVE_ARCH = YES;
				SDKROOT = iphoneos;
				SWIFT_ACTIVE_COMPILATION_CONDITIONS = DEBUG;
				SWIFT_OPTIMIZATION_LEVEL = "-Onone";
			};
			name = Debug;
		};
		A732CD3D2035AE300016AC36 /* Release */ = {
			isa = XCBuildConfiguration;
			buildSettings = {
				ALWAYS_SEARCH_USER_PATHS = NO;
				CLANG_ANALYZER_NONNULL = YES;
				CLANG_ANALYZER_NUMBER_OBJECT_CONVERSION = YES_AGGRESSIVE;
				CLANG_CXX_LANGUAGE_STANDARD = "gnu++14";
				CLANG_CXX_LIBRARY = "libc++";
				CLANG_ENABLE_MODULES = YES;
				CLANG_ENABLE_OBJC_ARC = YES;
				CLANG_WARN_BLOCK_CAPTURE_AUTORELEASING = YES;
				CLANG_WARN_BOOL_CONVERSION = YES;
				CLANG_WARN_COMMA = YES;
				CLANG_WARN_CONSTANT_CONVERSION = YES;
				CLANG_WARN_DIRECT_OBJC_ISA_USAGE = YES_ERROR;
				CLANG_WARN_DOCUMENTATION_COMMENTS = YES;
				CLANG_WARN_EMPTY_BODY = YES;
				CLANG_WARN_ENUM_CONVERSION = YES;
				CLANG_WARN_INFINITE_RECURSION = YES;
				CLANG_WARN_INT_CONVERSION = YES;
				CLANG_WARN_NON_LITERAL_NULL_CONVERSION = YES;
				CLANG_WARN_OBJC_LITERAL_CONVERSION = YES;
				CLANG_WARN_OBJC_ROOT_CLASS = YES_ERROR;
				CLANG_WARN_RANGE_LOOP_ANALYSIS = YES;
				CLANG_WARN_STRICT_PROTOTYPES = YES;
				CLANG_WARN_SUSPICIOUS_MOVE = YES;
				CLANG_WARN_UNGUARDED_AVAILABILITY = YES_AGGRESSIVE;
				CLANG_WARN_UNREACHABLE_CODE = YES;
				CLANG_WARN__DUPLICATE_METHOD_MATCH = YES;
				CODE_SIGN_IDENTITY = "iPhone Developer";
				COPY_PHASE_STRIP = NO;
				DEBUG_INFORMATION_FORMAT = "dwarf-with-dsym";
				ENABLE_NS_ASSERTIONS = NO;
				ENABLE_STRICT_OBJC_MSGSEND = YES;
				GCC_C_LANGUAGE_STANDARD = gnu11;
				GCC_NO_COMMON_BLOCKS = YES;
				GCC_WARN_64_TO_32_BIT_CONVERSION = YES;
				GCC_WARN_ABOUT_RETURN_TYPE = YES_ERROR;
				GCC_WARN_UNDECLARED_SELECTOR = YES;
				GCC_WARN_UNINITIALIZED_AUTOS = YES_AGGRESSIVE;
				GCC_WARN_UNUSED_FUNCTION = YES;
				GCC_WARN_UNUSED_VARIABLE = YES;
				IPHONEOS_DEPLOYMENT_TARGET = 11.2;
				MTL_ENABLE_DEBUG_INFO = NO;
				SDKROOT = iphoneos;
				SWIFT_OPTIMIZATION_LEVEL = "-Owholemodule";
				VALIDATE_PRODUCT = YES;
			};
			name = Release;
		};
		A732CD3F2035AE300016AC36 /* Debug */ = {
			isa = XCBuildConfiguration;
			buildSettings = {
				ASSETCATALOG_COMPILER_APPICON_NAME = AppIcon;
				CODE_SIGN_STYLE = Automatic;
				INFOPLIST_FILE = Extensions_App/Info.plist;
				LD_RUNPATH_SEARCH_PATHS = "$(inherited) @executable_path/Frameworks";
				PRODUCT_BUNDLE_IDENTIFIER = "Projects.Extensions-App";
				PRODUCT_NAME = "$(TARGET_NAME)";
				SWIFT_VERSION = 4.0;
				TARGETED_DEVICE_FAMILY = "1,2";
			};
			name = Debug;
		};
		A732CD402035AE300016AC36 /* Release */ = {
			isa = XCBuildConfiguration;
			buildSettings = {
				ASSETCATALOG_COMPILER_APPICON_NAME = AppIcon;
				CODE_SIGN_STYLE = Automatic;
				INFOPLIST_FILE = Extensions_App/Info.plist;
				LD_RUNPATH_SEARCH_PATHS = "$(inherited) @executable_path/Frameworks";
				PRODUCT_BUNDLE_IDENTIFIER = "Projects.Extensions-App";
				PRODUCT_NAME = "$(TARGET_NAME)";
				SWIFT_VERSION = 4.0;
				TARGETED_DEVICE_FAMILY = "1,2";
			};
			name = Release;
		};
/* End XCBuildConfiguration section */

/* Begin XCConfigurationList section */
		A732CD272035AE300016AC36 /* Build configuration list for PBXProject "Extensions_App" */ = {
			isa = XCConfigurationList;
			buildConfigurations = (
				A732CD3C2035AE300016AC36 /* Debug */,
				A732CD3D2035AE300016AC36 /* Release */,
			);
			defaultConfigurationIsVisible = 0;
			defaultConfigurationName = Release;
		};
		A732CD3E2035AE300016AC36 /* Build configuration list for PBXNativeTarget "Extensions_App" */ = {
			isa = XCConfigurationList;
			buildConfigurations = (
				A732CD3F2035AE300016AC36 /* Debug */,
				A732CD402035AE300016AC36 /* Release */,
			);
			defaultConfigurationIsVisible = 0;
			defaultConfigurationName = Release;
		};
/* End XCConfigurationList section */
	};
	rootObject = A732CD242035AE300016AC36 /* Project object */;
}
