// !$*UTF8*$!
{
	archiveVersion = 1;
	classes = {
	};
	objectVersion = 48;
	objects = {

/* Begin PBXBuildFile section */
		A7046F942036E1F800E0DC2C /* AppDelegate.swift in Sources */ = {isa = PBXBuildFile; fileRef = A7046F932036E1F800E0DC2C /* AppDelegate.swift */; };
		A7046F992036E1F800E0DC2C /* Main.storyboard in Resources */ = {isa = PBXBuildFile; fileRef = A7046F972036E1F800E0DC2C /* Main.storyboard */; };
		A7046F9B2036E1F800E0DC2C /* Assets.xcassets in Resources */ = {isa = PBXBuildFile; fileRef = A7046F9A2036E1F800E0DC2C /* Assets.xcassets */; };
		A7046F9E2036E1F800E0DC2C /* LaunchScreen.storyboard in Resources */ = {isa = PBXBuildFile; fileRef = A7046F9C2036E1F800E0DC2C /* LaunchScreen.storyboard */; };
		A7046FAA2036EC1600E0DC2C /* ColorPresenterVC.swift in Sources */ = {isa = PBXBuildFile; fileRef = A7046FA92036EC1600E0DC2C /* ColorPresenterVC.swift */; };
		A7046FAC2036EC3100E0DC2C /* ColorPickerVC.swift in Sources */ = {isa = PBXBuildFile; fileRef = A7046FAB2036EC3100E0DC2C /* ColorPickerVC.swift */; };
		A7046FAE2036EDFB00E0DC2C /* ColorTransfer.swift in Sources */ = {isa = PBXBuildFile; fileRef = A7046FAD2036EDFB00E0DC2C /* ColorTransfer.swift */; };
/* End PBXBuildFile section */

/* Begin PBXFileReference section */
		A7046F902036E1F800E0DC2C /* ColorMagicProtocols.app */ = {isa = PBXFileReference; explicitFileType = wrapper.application; includeInIndex = 0; path = ColorMagicProtocols.app; sourceTree = BUILT_PRODUCTS_DIR; };
		A7046F932036E1F800E0DC2C /* AppDelegate.swift */ = {isa = PBXFileReference; lastKnownFileType = sourcecode.swift; path = AppDelegate.swift; sourceTree = "<group>"; };
		A7046F982036E1F800E0DC2C /* Base */ = {isa = PBXFileReference; lastKnownFileType = file.storyboard; name = Base; path = Base.lproj/Main.storyboard; sourceTree = "<group>"; };
		A7046F9A2036E1F800E0DC2C /* Assets.xcassets */ = {isa = PBXFileReference; lastKnownFileType = folder.assetcatalog; path = Assets.xcassets; sourceTree = "<group>"; };
		A7046F9D2036E1F800E0DC2C /* Base */ = {isa = PBXFileReference; lastKnownFileType = file.storyboard; name = Base; path = Base.lproj/LaunchScreen.storyboard; sourceTree = "<group>"; };
		A7046F9F2036E1F800E0DC2C /* Info.plist */ = {isa = PBXFileReference; lastKnownFileType = text.plist.xml; path = Info.plist; sourceTree = "<group>"; };
		A7046FA92036EC1600E0DC2C /* ColorPresenterVC.swift */ = {isa = PBXFileReference; fileEncoding = 4; lastKnownFileType = sourcecode.swift; path = ColorPresenterVC.swift; sourceTree = "<group>"; };
		A7046FAB2036EC3100E0DC2C /* ColorPickerVC.swift */ = {isa = PBXFileReference; lastKnownFileType = sourcecode.swift; path = ColorPickerVC.swift; sourceTree = "<group>"; };
		A7046FAD2036EDFB00E0DC2C /* ColorTransfer.swift */ = {isa = PBXFileReference; lastKnownFileType = sourcecode.swift; path = ColorTransfer.swift; sourceTree = "<group>"; };
/* End PBXFileReference section */

/* Begin PBXFrameworksBuildPhase section */
		A7046F8D2036E1F800E0DC2C /* Frameworks */ = {
			isa = PBXFrameworksBuildPhase;
			buildActionMask = 2147483647;
			files = (
			);
			runOnlyForDeploymentPostprocessing = 0;
		};
/* End PBXFrameworksBuildPhase section */

/* Begin PBXGroup section */
		A7046F872036E1F800E0DC2C = {
			isa = PBXGroup;
			children = (
				A7046F922036E1F800E0DC2C /* ColorMagicProtocols */,
				A7046F912036E1F800E0DC2C /* Products */,
			);
			sourceTree = "<group>";
		};
		A7046F912036E1F800E0DC2C /* Products */ = {
			isa = PBXGroup;
			children = (
				A7046F902036E1F800E0DC2C /* ColorMagicProtocols.app */,
			);
			name = Products;
			sourceTree = "<group>";
		};
		A7046F922036E1F800E0DC2C /* ColorMagicProtocols */ = {
			isa = PBXGroup;
			children = (
				A7046FA92036EC1600E0DC2C /* ColorPresenterVC.swift */,
				A7046F932036E1F800E0DC2C /* AppDelegate.swift */,
				A7046F972036E1F800E0DC2C /* Main.storyboard */,
				A7046F9A2036E1F800E0DC2C /* Assets.xcassets */,
				A7046F9C2036E1F800E0DC2C /* LaunchScreen.storyboard */,
				A7046F9F2036E1F800E0DC2C /* Info.plist */,
				A7046FAB2036EC3100E0DC2C /* ColorPickerVC.swift */,
				A7046FAD2036EDFB00E0DC2C /* ColorTransfer.swift */,
			);
			path = ColorMagicProtocols;
			sourceTree = "<group>";
		};
/* End PBXGroup section */

/* Begin PBXNativeTarget section */
		A7046F8F2036E1F800E0DC2C /* ColorMagicProtocols */ = {
			isa = PBXNativeTarget;
			buildConfigurationList = A7046FA22036E1F800E0DC2C /* Build configuration list for PBXNativeTarget "ColorMagicProtocols" */;
			buildPhases = (
				A7046F8C2036E1F800E0DC2C /* Sources */,
				A7046F8D2036E1F800E0DC2C /* Frameworks */,
				A7046F8E2036E1F800E0DC2C /* Resources */,
			);
			buildRules = (
			);
			dependencies = (
			);
			name = ColorMagicProtocols;
			productName = ColorMagicProtocols;
			productReference = A7046F902036E1F800E0DC2C /* ColorMagicProtocols.app */;
			productType = "com.apple.product-type.application";
		};
/* End PBXNativeTarget section */

/* Begin PBXProject section */
		A7046F882036E1F800E0DC2C /* Project object */ = {
			isa = PBXProject;
			attributes = {
				LastSwiftUpdateCheck = 0920;
				LastUpgradeCheck = 0920;
				ORGANIZATIONNAME = "varun varma";
				TargetAttributes = {
					A7046F8F2036E1F800E0DC2C = {
						CreatedOnToolsVersion = 9.2;
						ProvisioningStyle = Automatic;
					};
				};
			};
			buildConfigurationList = A7046F8B2036E1F800E0DC2C /* Build configuration list for PBXProject "ColorMagicProtocols" */;
			compatibilityVersion = "Xcode 8.0";
			developmentRegion = en;
			hasScannedForEncodings = 0;
			knownRegions = (
				en,
				Base,
			);
			mainGroup = A7046F872036E1F800E0DC2C;
			productRefGroup = A7046F912036E1F800E0DC2C /* Products */;
			projectDirPath = "";
			projectRoot = "";
			targets = (
				A7046F8F2036E1F800E0DC2C /* ColorMagicProtocols */,
			);
		};
/* End PBXProject section */

/* Begin PBXResourcesBuildPhase section */
		A7046F8E2036E1F800E0DC2C /* Resources */ = {
			isa = PBXResourcesBuildPhase;
			buildActionMask = 2147483647;
			files = (
				A7046F9E2036E1F800E0DC2C /* LaunchScreen.storyboard in Resources */,
				A7046F9B2036E1F800E0DC2C /* Assets.xcassets in Resources */,
				A7046F992036E1F800E0DC2C /* Main.storyboard in Resources */,
			);
			runOnlyForDeploymentPostprocessing = 0;
		};
/* End PBXResourcesBuildPhase section */

/* Begin PBXSourcesBuildPhase section */
		A7046F8C2036E1F800E0DC2C /* Sources */ = {
			isa = PBXSourcesBuildPhase;
			buildActionMask = 2147483647;
			files = (
				A7046F942036E1F800E0DC2C /* AppDelegate.swift in Sources */,
				A7046FAA2036EC1600E0DC2C /* ColorPresenterVC.swift in Sources */,
				A7046FAE2036EDFB00E0DC2C /* ColorTransfer.swift in Sources */,
				A7046FAC2036EC3100E0DC2C /* ColorPickerVC.swift in Sources */,
			);
			runOnlyForDeploymentPostprocessing = 0;
		};
/* End PBXSourcesBuildPhase section */

/* Begin PBXVariantGroup section */
		A7046F972036E1F800E0DC2C /* Main.storyboard */ = {
			isa = PBXVariantGroup;
			children = (
				A7046F982036E1F800E0DC2C /* Base */,
			);
			name = Main.storyboard;
			sourceTree = "<group>";
		};
		A7046F9C2036E1F800E0DC2C /* LaunchScreen.storyboard */ = {
			isa = PBXVariantGroup;
			children = (
				A7046F9D2036E1F800E0DC2C /* Base */,
			);
			name = LaunchScreen.storyboard;
			sourceTree = "<group>";
		};
/* End PBXVariantGroup section */

/* Begin XCBuildConfiguration section */
		A7046FA02036E1F800E0DC2C /* Debug */ = {
			isa = XCBuildConfiguration;
			buildSettings = {
				ALWAYS_SEARCH_USER_PATHS = NO;
				CLANG_ANALYZER_NONNULL = YES;
				CLANG_ANALYZER_NUMBER_OBJECT_CONVERSION = YES_AGGRESSIVE;
				CLANG_CXX_LANGUAGE_STANDARD = "gnu++14";
				CLANG_CXX_LIBRARY = "libc++";
				CLANG_ENABLE_MODULES = YES;
				CLANG_ENABLE_OBJC_ARC = YES;
				CLANG_WARN_BLOCK_CAPTURE_AUTORELEASING = YES;
				CLANG_WARN_BOOL_CONVERSION = YES;
				CLANG_WARN_COMMA = YES;
				CLANG_WARN_CONSTANT_CONVERSION = YES;
				CLANG_WARN_DIRECT_OBJC_ISA_USAGE = YES_ERROR;
				CLANG_WARN_DOCUMENTATION_COMMENTS = YES;
				CLANG_WARN_EMPTY_BODY = YES;
				CLANG_WARN_ENUM_CONVERSION = YES;
				CLANG_WARN_INFINITE_RECURSION = YES;
				CLANG_WARN_INT_CONVERSION = YES;
				CLANG_WARN_NON_LITERAL_NULL_CONVERSION = YES;
				CLANG_WARN_OBJC_LITERAL_CONVERSION = YES;
				CLANG_WARN_OBJC_ROOT_CLASS = YES_ERROR;
				CLANG_WARN_RANGE_LOOP_ANALYSIS = YES;
				CLANG_WARN_STRICT_PROTOTYPES = YES;
				CLANG_WARN_SUSPICIOUS_MOVE = YES;
				CLANG_WARN_UNGUARDED_AVAILABILITY = YES_AGGRESSIVE;
				CLANG_WARN_UNREACHABLE_CODE = YES;
				CLANG_WARN__DUPLICATE_METHOD_MATCH = YES;
				CODE_SIGN_IDENTITY = "iPhone Developer";
				COPY_PHASE_STRIP = NO;
				DEBUG_INFORMATION_FORMAT = dwarf;
				ENABLE_STRICT_OBJC_MSGSEND = YES;
				ENABLE_TESTABILITY = YES;
				GCC_C_LANGUAGE_STANDARD = gnu11;
				GCC_DYNAMIC_NO_PIC = NO;
				GCC_NO_COMMON_BLOCKS = YES;
				GCC_OPTIMIZATION_LEVEL = 0;
				GCC_PREPROCESSOR_DEFINITIONS = (
					"DEBUG=1",
					"$(inherited)",
				);
				GCC_WARN_64_TO_32_BIT_CONVERSION = YES;
				GCC_WARN_ABOUT_RETURN_TYPE = YES_ERROR;
				GCC_WARN_UNDECLARED_SELECTOR = YES;
				GCC_WARN_UNINITIALIZED_AUTOS = YES_AGGRESSIVE;
				GCC_WARN_UNUSED_FUNCTION = YES;
				GCC_WARN_UNUSED_VARIABLE = YES;
				IPHONEOS_DEPLOYMENT_TARGET = 11.2;
				MTL_ENABLE_DEBUG_INFO = YES;
				ONLY_ACTIVE_ARCH = YES;
				SDKROOT = iphoneos;
				SWIFT_ACTIVE_COMPILATION_CONDITIONS = DEBUG;
				SWIFT_OPTIMIZATION_LEVEL = "-Onone";
			};
			name = Debug;
		};
		A7046FA12036E1F800E0DC2C /* Release */ = {
			isa = XCBuildConfiguration;
			buildSettings = {
				ALWAYS_SEARCH_USER_PATHS = NO;
				CLANG_ANALYZER_NONNULL = YES;
				CLANG_ANALYZER_NUMBER_OBJECT_CONVERSION = YES_AGGRESSIVE;
				CLANG_CXX_LANGUAGE_STANDARD = "gnu++14";
				CLANG_CXX_LIBRARY = "libc++";
				CLANG_ENABLE_MODULES = YES;
				CLANG_ENABLE_OBJC_ARC = YES;
				CLANG_WARN_BLOCK_CAPTURE_AUTORELEASING = YES;
				CLANG_WARN_BOOL_CONVERSION = YES;
				CLANG_WARN_COMMA = YES;
				CLANG_WARN_CONSTANT_CONVERSION = YES;
				CLANG_WARN_DIRECT_OBJC_ISA_USAGE = YES_ERROR;
				CLANG_WARN_DOCUMENTATION_COMMENTS = YES;
				CLANG_WARN_EMPTY_BODY = YES;
				CLANG_WARN_ENUM_CONVERSION = YES;
				CLANG_WARN_INFINITE_RECURSION = YES;
				CLANG_WARN_INT_CONVERSION = YES;
				CLANG_WARN_NON_LITERAL_NULL_CONVERSION = YES;
				CLANG_WARN_OBJC_LITERAL_CONVERSION = YES;
				CLANG_WARN_OBJC_ROOT_CLASS = YES_ERROR;
				CLANG_WARN_RANGE_LOOP_ANALYSIS = YES;
				CLANG_WARN_STRICT_PROTOTYPES = YES;
				CLANG_WARN_SUSPICIOUS_MOVE = YES;
				CLANG_WARN_UNGUARDED_AVAILABILITY = YES_AGGRESSIVE;
				CLANG_WARN_UNREACHABLE_CODE = YES;
				CLANG_WARN__DUPLICATE_METHOD_MATCH = YES;
				CODE_SIGN_IDENTITY = "iPhone Developer";
				COPY_PHASE_STRIP = NO;
				DEBUG_INFORMATION_FORMAT = "dwarf-with-dsym";
				ENABLE_NS_ASSERTIONS = NO;
				ENABLE_STRICT_OBJC_MSGSEND = YES;
				GCC_C_LANGUAGE_STANDARD = gnu11;
				GCC_NO_COMMON_BLOCKS = YES;
				GCC_WARN_64_TO_32_BIT_CONVERSION = YES;
				GCC_WARN_ABOUT_RETURN_TYPE = YES_ERROR;
				GCC_WARN_UNDECLARED_SELECTOR = YES;
				GCC_WARN_UNINITIALIZED_AUTOS = YES_AGGRESSIVE;
				GCC_WARN_UNUSED_FUNCTION = YES;
				GCC_WARN_UNUSED_VARIABLE = YES;
				IPHONEOS_DEPLOYMENT_TARGET = 11.2;
				MTL_ENABLE_DEBUG_INFO = NO;
				SDKROOT = iphoneos;
				SWIFT_OPTIMIZATION_LEVEL = "-Owholemodule";
				VALIDATE_PRODUCT = YES;
			};
			name = Release;
		};
		A7046FA32036E1F800E0DC2C /* Debug */ = {
			isa = XCBuildConfiguration;
			buildSettings = {
				ASSETCATALOG_COMPILER_APPICON_NAME = AppIcon;
				CODE_SIGN_STYLE = Automatic;
				INFOPLIST_FILE = ColorMagicProtocols/Info.plist;
				LD_RUNPATH_SEARCH_PATHS = "$(inherited) @executable_path/Frameworks";
				PRODUCT_BUNDLE_IDENTIFIER = Projects.ColorMagicProtocols;
				PRODUCT_NAME = "$(TARGET_NAME)";
				SWIFT_VERSION = 4.0;
				TARGETED_DEVICE_FAMILY = "1,2";
			};
			name = Debug;
		};
		A7046FA42036E1F800E0DC2C /* Release */ = {
			isa = XCBuildConfiguration;
			buildSettings = {
				ASSETCATALOG_COMPILER_APPICON_NAME = AppIcon;
				CODE_SIGN_STYLE = Automatic;
				INFOPLIST_FILE = ColorMagicProtocols/Info.plist;
				LD_RUNPATH_SEARCH_PATHS = "$(inherited) @executable_path/Frameworks";
				PRODUCT_BUNDLE_IDENTIFIER = Projects.ColorMagicProtocols;
				PRODUCT_NAME = "$(TARGET_NAME)";
				SWIFT_VERSION = 4.0;
				TARGETED_DEVICE_FAMILY = "1,2";
			};
			name = Release;
		};
/* End XCBuildConfiguration section */

/* Begin XCConfigurationList section */
		A7046F8B2036E1F800E0DC2C /* Build configuration list for PBXProject "ColorMagicProtocols" */ = {
			isa = XCConfigurationList;
			buildConfigurations = (
				A7046FA02036E1F800E0DC2C /* Debug */,
				A7046FA12036E1F800E0DC2C /* Release */,
			);
			defaultConfigurationIsVisible = 0;
			defaultConfigurationName = Release;
		};
		A7046FA22036E1F800E0DC2C /* Build configuration list for PBXNativeTarget "ColorMagicProtocols" */ = {
			isa = XCConfigurationList;
			buildConfigurations = (
				A7046FA32036E1F800E0DC2C /* Debug */,
				A7046FA42036E1F800E0DC2C /* Release */,
			);
			defaultConfigurationIsVisible = 0;
			defaultConfigurationName = Release;
		};
/* End XCConfigurationList section */
	};
	rootObject = A7046F882036E1F800E0DC2C /* Project object */;
}
